
Microsoft Visual Studio Solution File, Format Version 12.00
# Visual Studio 15
VisualStudioVersion = 15.0.28010.2046
MinimumVisualStudioVersion = 10.0.40219.1
Project("{FAE04EC0-301F-11D3-BF4B-00C04F79EFBC}") = "Website", "Website\Website.csproj", "{4BE685CB-7883-4BB1-96A9-9CC58BB64184}"
EndProject
Global
	GlobalSection(SolutionConfigurationPlatforms) = preSolution
		Debug|Any CPU = Debug|Any CPU
		Release|Any CPU = Release|Any CPU
	EndGlobalSection
	GlobalSection(ProjectConfigurationPlatforms) = postSolution
		{4BE685CB-7883-4BB1-96A9-9CC58BB64184}.Debug|Any CPU.ActiveCfg = Debug|Any CPU
		{4BE685CB-7883-4BB1-96A9-9CC58BB64184}.Debug|Any CPU.Build.0 = Debug|Any CPU
		{4BE685CB-7883-4BB1-96A9-9CC58BB64184}.Release|Any CPU.ActiveCfg = Release|Any CPU
		{4BE685CB-7883-4BB1-96A9-9CC58BB64184}.Release|Any CPU.Build.0 = Release|Any CPU
	EndGlobalSection
	GlobalSection(SolutionProperties) = preSolution
		HideSolutionNode = FALSE
	EndGlobalSection
	GlobalSection(ExtensibilityGlobals) = postSolution
		SolutionGuid = {2B399A08-54F4-4A84-BE63-E797DC97A4C1}
	EndGlobalSection
EndGlobal
